
Microsoft Visual Studio Solution File, Format Version 12.00
# Visual Studio Version 17
VisualStudioVersion = 17.14.36518.9 d17.14
MinimumVisualStudioVersion = 10.0.40219.1
Project("{2150E333-8FDC-42A3-9474-1A3956D46DE8}") = "Task0", "Task0", "{36D591C7-65C7-A0D1-1CBC-10CDE441BDC8}"
EndProject
Project("{2150E333-8FDC-42A3-9474-1A3956D46DE8}") = "Task1", "Task1", "{D34C9F43-5C4D-4192-882A-3BF53AB428F5}"
EndProject
Project("{2150E333-8FDC-42A3-9474-1A3956D46DE8}") = "Task2", "Task2", "{E93FCA89-F80F-4D3D-9836-37E29C50EFB7}"
EndProject
Project("{2150E333-8FDC-42A3-9474-1A3956D46DE8}") = "Task3", "Task3", "{943F34FB-A119-4090-92AB-7E92F0F218BF}"
EndProject
Project("{2150E333-8FDC-42A3-9474-1A3956D46DE8}") = "Task4", "Task4", "{B8F33FD5-C725-44C2-A346-5AE9F2C5770F}"
EndProject
Project("{2150E333-8FDC-42A3-9474-1A3956D46DE8}") = "Task5", "Task5", "{62CA2D1F-4279-4AD4-AFE3-3EDE922FE9CE}"
EndProject
Project("{2150E333-8FDC-42A3-9474-1A3956D46DE8}") = "Task6", "Task6", "{8DF5EB82-B7D8-4CBE-99AF-C8193C240E78}"
EndProject
Project("{2150E333-8FDC-42A3-9474-1A3956D46DE8}") = "Task7", "Task7", "{796054BF-5F24-49D9-88D3-9196A5937F52}"
EndProject
Project("{FAE04EC0-301F-11D3-BF4B-00C04F79EFBC}") = "Tyuiu.SushchikIA.Sprint6.Task1.V3", "Tyuiu.SushchikIA.Sprint6.Task1.V3\Tyuiu.SushchikIA.Sprint6.Task1.V3.csproj", "{2C909CD6-CF12-4059-8E4F-003B9E8E6EC6}"
EndProject
Project("{FAE04EC0-301F-11D3-BF4B-00C04F79EFBC}") = "Tyuiu.SushchikIA.Sprint6.Task2.V19", "Tyuiu.SushchikIA.Sprint6.Task2.V19\Tyuiu.SushchikIA.Sprint6.Task2.V19.csproj", "{AF76ED56-15B5-47B6-A458-1B2F5E39510E}"
EndProject
Project("{FAE04EC0-301F-11D3-BF4B-00C04F79EFBC}") = "Tyuiu.SushchikIA.Sprint6.Task3.V21", "Tyuiu.SushchikIA.Sprint6.Task3.V21\Tyuiu.SushchikIA.Sprint6.Task3.V21.csproj", "{D7B7CE7D-519D-44B8-8B5D-790DC3CE87BA}"
EndProject
Project("{FAE04EC0-301F-11D3-BF4B-00C04F79EFBC}") = "Tyuiu.SushchikIA.Sprint6.Task4.V25", "Tyuiu.SushchikIA.Sprint6.Task4.V25\Tyuiu.SushchikIA.Sprint6.Task4.V25.csproj", "{FE3BD65D-15AB-4D99-B784-86DE90C23F74}"
EndProject
Project("{FAE04EC0-301F-11D3-BF4B-00C04F79EFBC}") = "Tyuiu.SushchikIA.Sprint6.Task5.V17", "Tyuiu.SushchikIA.Sprint6.Task5.V17\Tyuiu.SushchikIA.Sprint6.Task5.V17.csproj", "{12AAE51C-17E8-4846-BF3F-FEDB67BFCE7F}"
EndProject
Project("{FAE04EC0-301F-11D3-BF4B-00C04F79EFBC}") = "Tyuiu.SushchikIA.Sprint6.Task6.V8", "Tyuiu.SushchikIA.Sprint6.Task6.V8\Tyuiu.SushchikIA.Sprint6.Task6.V8.csproj", "{CAF8B0EC-C7A2-40BC-9E36-5F950AB59D41}"
EndProject
Project("{FAE04EC0-301F-11D3-BF4B-00C04F79EFBC}") = "Tyuiu.SushchikIA.Sprint6.Task7.V8", "Tyuiu.SushchikIA.Sprint6.Task7.V8\Tyuiu.SushchikIA.Sprint6.Task7.V8.csproj", "{59D4CA61-01F3-4A4E-A10A-E01C05F80713}"
EndProject
Project("{FAE04EC0-301F-11D3-BF4B-00C04F79EFBC}") = "Tyuiu.SushchikIA.Sprint6.Task1.V3.Lib", "Tyuiu.SushchikIA.Sprint6.Task1.V3.Lib\Tyuiu.SushchikIA.Sprint6.Task1.V3.Lib.csproj", "{E2796CA6-CB5A-45DA-AB7E-FF9F37A9C25A}"
EndProject
Project("{FAE04EC0-301F-11D3-BF4B-00C04F79EFBC}") = "Tyuiu.SushchikIA.Sprint6.Task2.V19.Lib", "Tyuiu.SushchikIA.Sprint6.Task2.V19.Lib\Tyuiu.SushchikIA.Sprint6.Task2.V19.Lib.csproj", "{8BEA00BB-6BFE-4E56-AC09-9FEB3E7AB43C}"
EndProject
Project("{FAE04EC0-301F-11D3-BF4B-00C04F79EFBC}") = "Tyuiu.SushchikIA.Sprint6.Task3.V21.Lib", "Tyuiu.SushchikIA.Sprint6.Task3.V21.Lib\Tyuiu.SushchikIA.Sprint6.Task3.V21.Lib.csproj", "{82D0D622-40D9-4A49-A374-EC2D1F9F0769}"
EndProject
Project("{FAE04EC0-301F-11D3-BF4B-00C04F79EFBC}") = "Tyuiu.SushchikIA.Sprint6.Task4.V25.Lib", "Tyuiu.SushchikIA.Sprint6.Task4.V25.Lib\Tyuiu.SushchikIA.Sprint6.Task4.V25.Lib.csproj", "{CC373848-2A25-4392-A1EB-4A744D352593}"
EndProject
Project("{FAE04EC0-301F-11D3-BF4B-00C04F79EFBC}") = "Tyuiu.SushchikIA.Sprint6.Task5.V17.Lib", "Tyuiu.SushchikIA.Sprint6.Task5.V17.Lib\Tyuiu.SushchikIA.Sprint6.Task5.V17.Lib.csproj", "{18007E68-CA78-4076-B98A-030EE783BF49}"
EndProject
Project("{FAE04EC0-301F-11D3-BF4B-00C04F79EFBC}") = "Tyuiu.SushchikIA.Sprint6.Task6.V8.Lib", "Tyuiu.SushchikIA.Sprint6.Task6.V8.Lib\Tyuiu.SushchikIA.Sprint6.Task6.V8.Lib.csproj", "{060DF526-1FA2-4F1C-AB81-53AAB6DBC2FE}"
EndProject
Project("{FAE04EC0-301F-11D3-BF4B-00C04F79EFBC}") = "Tyuiu.SushchikIA.Sprint6.Task7.V8.Lib", "Tyuiu.SushchikIA.Sprint6.Task7.V8.Lib\Tyuiu.SushchikIA.Sprint6.Task7.V8.Lib.csproj", "{E65425EF-E548-4A41-AECC-D41D29F8BDFB}"
EndProject
Project("{FAE04EC0-301F-11D3-BF4B-00C04F79EFBC}") = "Tyuiu.SushchikIA.Sprint6.Task1.V3.Test", "Tyuiu.SushchikIA.Sprint6.Task1.V3.Test\Tyuiu.SushchikIA.Sprint6.Task1.V3.Test.csproj", "{DD8BF028-8F8D-483F-B2F3-A2C0CE3CFC24}"
EndProject
Project("{FAE04EC0-301F-11D3-BF4B-00C04F79EFBC}") = "Tyuiu.SushchikIA.Sprint6.Task2.V19.Test", "Tyuiu.SushchikIA.Sprint6.Task2.V19.Test\Tyuiu.SushchikIA.Sprint6.Task2.V19.Test.csproj", "{E8FD9356-693F-48D3-A109-35CFCACCAE05}"
EndProject
Project("{FAE04EC0-301F-11D3-BF4B-00C04F79EFBC}") = "Tyuiu.SushchikIA.Sprint6.Task3.V21.Test", "Tyuiu.SushchikIA.Sprint6.Task3.V21.Test\Tyuiu.SushchikIA.Sprint6.Task3.V21.Test.csproj", "{61A0C637-8C25-4453-8E43-C2C8E1E5C889}"
EndProject
Project("{FAE04EC0-301F-11D3-BF4B-00C04F79EFBC}") = "Tyuiu.SushchikIA.Sprint6.Task4.V25.Test", "Tyuiu.SushchikIA.Sprint6.Task4.V25.Test\Tyuiu.SushchikIA.Sprint6.Task4.V25.Test.csproj", "{BA98A737-4672-4F7D-8984-4F48D2A84622}"
EndProject
Project("{FAE04EC0-301F-11D3-BF4B-00C04F79EFBC}") = "Tyuiu.SushchikIA.Sprint6.Task5.V17.Test", "Tyuiu.SushchikIA.Sprint6.Task5.V17.Test\Tyuiu.SushchikIA.Sprint6.Task5.V17.Test.csproj", "{7CD7D7E6-B84A-4EF4-87BB-38532DFB58ED}"
EndProject
Project("{FAE04EC0-301F-11D3-BF4B-00C04F79EFBC}") = "Tyuiu.SushchikIA.Sprint6.Task6.V8.Test", "Tyuiu.SushchikIA.Sprint6.Task6.V8.Test\Tyuiu.SushchikIA.Sprint6.Task6.V8.Test.csproj", "{2E70BBF3-0F2B-4950-8EFA-98B868471C5D}"
EndProject
Project("{FAE04EC0-301F-11D3-BF4B-00C04F79EFBC}") = "Tyuiu.SushchikIA.Sprint6.Task7.V8.Test", "Tyuiu.SushchikIA.Sprint6.Task7.V8.Test\Tyuiu.SushchikIA.Sprint6.Task7.V8.Test.csproj", "{1E0B94A4-75FC-4ABF-802D-D830390C0CEF}"
EndProject
Global
	GlobalSection(SolutionConfigurationPlatforms) = preSolution
		Debug|Any CPU = Debug|Any CPU
		Release|Any CPU = Release|Any CPU
	EndGlobalSection
	GlobalSection(ProjectConfigurationPlatforms) = postSolution
		{2C909CD6-CF12-4059-8E4F-003B9E8E6EC6}.Debug|Any CPU.ActiveCfg = Debug|Any CPU
		{2C909CD6-CF12-4059-8E4F-003B9E8E6EC6}.Debug|Any CPU.Build.0 = Debug|Any CPU
		{2C909CD6-CF12-4059-8E4F-003B9E8E6EC6}.Release|Any CPU.ActiveCfg = Release|Any CPU
		{2C909CD6-CF12-4059-8E4F-003B9E8E6EC6}.Release|Any CPU.Build.0 = Release|Any CPU
		{AF76ED56-15B5-47B6-A458-1B2F5E39510E}.Debug|Any CPU.ActiveCfg = Debug|Any CPU
		{AF76ED56-15B5-47B6-A458-1B2F5E39510E}.Debug|Any CPU.Build.0 = Debug|Any CPU
		{AF76ED56-15B5-47B6-A458-1B2F5E39510E}.Release|Any CPU.ActiveCfg = Release|Any CPU
		{AF76ED56-15B5-47B6-A458-1B2F5E39510E}.Release|Any CPU.Build.0 = Release|Any CPU
		{D7B7CE7D-519D-44B8-8B5D-790DC3CE87BA}.Debug|Any CPU.ActiveCfg = Debug|Any CPU
		{D7B7CE7D-519D-44B8-8B5D-790DC3CE87BA}.Debug|Any CPU.Build.0 = Debug|Any CPU
		{D7B7CE7D-519D-44B8-8B5D-790DC3CE87BA}.Release|Any CPU.ActiveCfg = Release|Any CPU
		{D7B7CE7D-519D-44B8-8B5D-790DC3CE87BA}.Release|Any CPU.Build.0 = Release|Any CPU
		{FE3BD65D-15AB-4D99-B784-86DE90C23F74}.Debug|Any CPU.ActiveCfg = Debug|Any CPU
		{FE3BD65D-15AB-4D99-B784-86DE90C23F74}.Debug|Any CPU.Build.0 = Debug|Any CPU
		{FE3BD65D-15AB-4D99-B784-86DE90C23F74}.Release|Any CPU.ActiveCfg = Release|Any CPU
		{FE3BD65D-15AB-4D99-B784-86DE90C23F74}.Release|Any CPU.Build.0 = Release|Any CPU
		{12AAE51C-17E8-4846-BF3F-FEDB67BFCE7F}.Debug|Any CPU.ActiveCfg = Debug|Any CPU
		{12AAE51C-17E8-4846-BF3F-FEDB67BFCE7F}.Debug|Any CPU.Build.0 = Debug|Any CPU
		{12AAE51C-17E8-4846-BF3F-FEDB67BFCE7F}.Release|Any CPU.ActiveCfg = Release|Any CPU
		{12AAE51C-17E8-4846-BF3F-FEDB67BFCE7F}.Release|Any CPU.Build.0 = Release|Any CPU
		{CAF8B0EC-C7A2-40BC-9E36-5F950AB59D41}.Debug|Any CPU.ActiveCfg = Debug|Any CPU
		{CAF8B0EC-C7A2-40BC-9E36-5F950AB59D41}.Debug|Any CPU.Build.0 = Debug|Any CPU
		{CAF8B0EC-C7A2-40BC-9E36-5F950AB59D41}.Release|Any CPU.ActiveCfg = Release|Any CPU
		{CAF8B0EC-C7A2-40BC-9E36-5F950AB59D41}.Release|Any CPU.Build.0 = Release|Any CPU
		{59D4CA61-01F3-4A4E-A10A-E01C05F80713}.Debug|Any CPU.ActiveCfg = Debug|Any CPU
		{59D4CA61-01F3-4A4E-A10A-E01C05F80713}.Debug|Any CPU.Build.0 = Debug|Any CPU
		{59D4CA61-01F3-4A4E-A10A-E01C05F80713}.Release|Any CPU.ActiveCfg = Release|Any CPU
		{59D4CA61-01F3-4A4E-A10A-E01C05F80713}.Release|Any CPU.Build.0 = Release|Any CPU
		{E2796CA6-CB5A-45DA-AB7E-FF9F37A9C25A}.Debug|Any CPU.ActiveCfg = Debug|Any CPU
		{E2796CA6-CB5A-45DA-AB7E-FF9F37A9C25A}.Debug|Any CPU.Build.0 = Debug|Any CPU
		{E2796CA6-CB5A-45DA-AB7E-FF9F37A9C25A}.Release|Any CPU.ActiveCfg = Release|Any CPU
		{E2796CA6-CB5A-45DA-AB7E-FF9F37A9C25A}.Release|Any CPU.Build.0 = Release|Any CPU
		{8BEA00BB-6BFE-4E56-AC09-9FEB3E7AB43C}.Debug|Any CPU.ActiveCfg = Debug|Any CPU
		{8BEA00BB-6BFE-4E56-AC09-9FEB3E7AB43C}.Debug|Any CPU.Build.0 = Debug|Any CPU
		{8BEA00BB-6BFE-4E56-AC09-9FEB3E7AB43C}.Release|Any CPU.ActiveCfg = Release|Any CPU
		{8BEA00BB-6BFE-4E56-AC09-9FEB3E7AB43C}.Release|Any CPU.Build.0 = Release|Any CPU
		{82D0D622-40D9-4A49-A374-EC2D1F9F0769}.Debug|Any CPU.ActiveCfg = Debug|Any CPU
		{82D0D622-40D9-4A49-A374-EC2D1F9F0769}.Debug|Any CPU.Build.0 = Debug|Any CPU
		{82D0D622-40D9-4A49-A374-EC2D1F9F0769}.Release|Any CPU.ActiveCfg = Release|Any CPU
		{82D0D622-40D9-4A49-A374-EC2D1F9F0769}.Release|Any CPU.Build.0 = Release|Any CPU
		{CC373848-2A25-4392-A1EB-4A744D352593}.Debug|Any CPU.ActiveCfg = Debug|Any CPU
		{CC373848-2A25-4392-A1EB-4A744D352593}.Debug|Any CPU.Build.0 = Debug|Any CPU
		{CC373848-2A25-4392-A1EB-4A744D352593}.Release|Any CPU.ActiveCfg = Release|Any CPU
		{CC373848-2A25-4392-A1EB-4A744D352593}.Release|Any CPU.Build.0 = Release|Any CPU
		{18007E68-CA78-4076-B98A-030EE783BF49}.Debug|Any CPU.ActiveCfg = Debug|Any CPU
		{18007E68-CA78-4076-B98A-030EE783BF49}.Debug|Any CPU.Build.0 = Debug|Any CPU
		{18007E68-CA78-4076-B98A-030EE783BF49}.Release|Any CPU.ActiveCfg = Release|Any CPU
		{18007E68-CA78-4076-B98A-030EE783BF49}.Release|Any CPU.Build.0 = Release|Any CPU
		{060DF526-1FA2-4F1C-AB81-53AAB6DBC2FE}.Debug|Any CPU.ActiveCfg = Debug|Any CPU
		{060DF526-1FA2-4F1C-AB81-53AAB6DBC2FE}.Debug|Any CPU.Build.0 = Debug|Any CPU
		{060DF526-1FA2-4F1C-AB81-53AAB6DBC2FE}.Release|Any CPU.ActiveCfg = Release|Any CPU
		{060DF526-1FA2-4F1C-AB81-53AAB6DBC2FE}.Release|Any CPU.Build.0 = Release|Any CPU
		{E65425EF-E548-4A41-AECC-D41D29F8BDFB}.Debug|Any CPU.ActiveCfg = Debug|Any CPU
		{E65425EF-E548-4A41-AECC-D41D29F8BDFB}.Debug|Any CPU.Build.0 = Debug|Any CPU
		{E65425EF-E548-4A41-AECC-D41D29F8BDFB}.Release|Any CPU.ActiveCfg = Release|Any CPU
		{E65425EF-E548-4A41-AECC-D41D29F8BDFB}.Release|Any CPU.Build.0 = Release|Any CPU
		{DD8BF028-8F8D-483F-B2F3-A2C0CE3CFC24}.Debug|Any CPU.ActiveCfg = Debug|Any CPU
		{DD8BF028-8F8D-483F-B2F3-A2C0CE3CFC24}.Debug|Any CPU.Build.0 = Debug|Any CPU
		{DD8BF028-8F8D-483F-B2F3-A2C0CE3CFC24}.Release|Any CPU.ActiveCfg = Release|Any CPU
		{DD8BF028-8F8D-483F-B2F3-A2C0CE3CFC24}.Release|Any CPU.Build.0 = Release|Any CPU
		{E8FD9356-693F-48D3-A109-35CFCACCAE05}.Debug|Any CPU.ActiveCfg = Debug|Any CPU
		{E8FD9356-693F-48D3-A109-35CFCACCAE05}.Debug|Any CPU.Build.0 = Debug|Any CPU
		{E8FD9356-693F-48D3-A109-35CFCACCAE05}.Release|Any CPU.ActiveCfg = Release|Any CPU
		{E8FD9356-693F-48D3-A109-35CFCACCAE05}.Release|Any CPU.Build.0 = Release|Any CPU
		{61A0C637-8C25-4453-8E43-C2C8E1E5C889}.Debug|Any CPU.ActiveCfg = Debug|Any CPU
		{61A0C637-8C25-4453-8E43-C2C8E1E5C889}.Debug|Any CPU.Build.0 = Debug|Any CPU
		{61A0C637-8C25-4453-8E43-C2C8E1E5C889}.Release|Any CPU.ActiveCfg = Release|Any CPU
		{61A0C637-8C25-4453-8E43-C2C8E1E5C889}.Release|Any CPU.Build.0 = Release|Any CPU
		{BA98A737-4672-4F7D-8984-4F48D2A84622}.Debug|Any CPU.ActiveCfg = Debug|Any CPU
		{BA98A737-4672-4F7D-8984-4F48D2A84622}.Debug|Any CPU.Build.0 = Debug|Any CPU
		{BA98A737-4672-4F7D-8984-4F48D2A84622}.Release|Any CPU.ActiveCfg = Release|Any CPU
		{BA98A737-4672-4F7D-8984-4F48D2A84622}.Release|Any CPU.Build.0 = Release|Any CPU
		{7CD7D7E6-B84A-4EF4-87BB-38532DFB58ED}.Debug|Any CPU.ActiveCfg = Debug|Any CPU
		{7CD7D7E6-B84A-4EF4-87BB-38532DFB58ED}.Debug|Any CPU.Build.0 = Debug|Any CPU
		{7CD7D7E6-B84A-4EF4-87BB-38532DFB58ED}.Release|Any CPU.ActiveCfg = Release|Any CPU
		{7CD7D7E6-B84A-4EF4-87BB-38532DFB58ED}.Release|Any CPU.Build.0 = Release|Any CPU
		{2E70BBF3-0F2B-4950-8EFA-98B868471C5D}.Debug|Any CPU.ActiveCfg = Debug|Any CPU
		{2E70BBF3-0F2B-4950-8EFA-98B868471C5D}.Debug|Any CPU.Build.0 = Debug|Any CPU
		{2E70BBF3-0F2B-4950-8EFA-98B868471C5D}.Release|Any CPU.ActiveCfg = Release|Any CPU
		{2E70BBF3-0F2B-4950-8EFA-98B868471C5D}.Release|Any CPU.Build.0 = Release|Any CPU
		{1E0B94A4-75FC-4ABF-802D-D830390C0CEF}.Debug|Any CPU.ActiveCfg = Debug|Any CPU
		{1E0B94A4-75FC-4ABF-802D-D830390C0CEF}.Debug|Any CPU.Build.0 = Debug|Any CPU
		{1E0B94A4-75FC-4ABF-802D-D830390C0CEF}.Release|Any CPU.ActiveCfg = Release|Any CPU
		{1E0B94A4-75FC-4ABF-802D-D830390C0CEF}.Release|Any CPU.Build.0 = Release|Any CPU
	EndGlobalSection
	GlobalSection(SolutionProperties) = preSolution
		HideSolutionNode = FALSE
	EndGlobalSection
	GlobalSection(NestedProjects) = preSolution
		{2C909CD6-CF12-4059-8E4F-003B9E8E6EC6} = {D34C9F43-5C4D-4192-882A-3BF53AB428F5}
		{AF76ED56-15B5-47B6-A458-1B2F5E39510E} = {E93FCA89-F80F-4D3D-9836-37E29C50EFB7}
		{D7B7CE7D-519D-44B8-8B5D-790DC3CE87BA} = {943F34FB-A119-4090-92AB-7E92F0F218BF}
		{FE3BD65D-15AB-4D99-B784-86DE90C23F74} = {B8F33FD5-C725-44C2-A346-5AE9F2C5770F}
		{12AAE51C-17E8-4846-BF3F-FEDB67BFCE7F} = {62CA2D1F-4279-4AD4-AFE3-3EDE922FE9CE}
		{CAF8B0EC-C7A2-40BC-9E36-5F950AB59D41} = {8DF5EB82-B7D8-4CBE-99AF-C8193C240E78}
		{59D4CA61-01F3-4A4E-A10A-E01C05F80713} = {796054BF-5F24-49D9-88D3-9196A5937F52}
		{E2796CA6-CB5A-45DA-AB7E-FF9F37A9C25A} = {D34C9F43-5C4D-4192-882A-3BF53AB428F5}
		{8BEA00BB-6BFE-4E56-AC09-9FEB3E7AB43C} = {E93FCA89-F80F-4D3D-9836-37E29C50EFB7}
		{82D0D622-40D9-4A49-A374-EC2D1F9F0769} = {943F34FB-A119-4090-92AB-7E92F0F218BF}
		{CC373848-2A25-4392-A1EB-4A744D352593} = {B8F33FD5-C725-44C2-A346-5AE9F2C5770F}
		{18007E68-CA78-4076-B98A-030EE783BF49} = {62CA2D1F-4279-4AD4-AFE3-3EDE922FE9CE}
		{060DF526-1FA2-4F1C-AB81-53AAB6DBC2FE} = {8DF5EB82-B7D8-4CBE-99AF-C8193C240E78}
		{E65425EF-E548-4A41-AECC-D41D29F8BDFB} = {796054BF-5F24-49D9-88D3-9196A5937F52}
		{DD8BF028-8F8D-483F-B2F3-A2C0CE3CFC24} = {D34C9F43-5C4D-4192-882A-3BF53AB428F5}
		{E8FD9356-693F-48D3-A109-35CFCACCAE05} = {E93FCA89-F80F-4D3D-9836-37E29C50EFB7}
		{61A0C637-8C25-4453-8E43-C2C8E1E5C889} = {943F34FB-A119-4090-92AB-7E92F0F218BF}
		{BA98A737-4672-4F7D-8984-4F48D2A84622} = {B8F33FD5-C725-44C2-A346-5AE9F2C5770F}
		{7CD7D7E6-B84A-4EF4-87BB-38532DFB58ED} = {62CA2D1F-4279-4AD4-AFE3-3EDE922FE9CE}
		{2E70BBF3-0F2B-4950-8EFA-98B868471C5D} = {8DF5EB82-B7D8-4CBE-99AF-C8193C240E78}
		{1E0B94A4-75FC-4ABF-802D-D830390C0CEF} = {796054BF-5F24-49D9-88D3-9196A5937F52}
	EndGlobalSection
	GlobalSection(ExtensibilityGlobals) = postSolution
		SolutionGuid = {92D00522-BC42-4A4B-B940-0DBDE41301D9}
	EndGlobalSection
EndGlobal
